
Microsoft Visual Studio Solution File, Format Version 12.00
# Visual Studio Version 16
VisualStudioVersion = 16.0.29009.5
MinimumVisualStudioVersion = 10.0.40219.1
Project("{FAE04EC0-301F-11D3-BF4B-00C04F79EFBC}") = "TestRestSharp", "TestRestSharp\TestRestSharp.csproj", "{E8822C53-60E2-4658-BD98-5258E6A51797}"
EndProject
Global
	GlobalSection(SolutionConfigurationPlatforms) = preSolution
		Debug|Any CPU = Debug|Any CPU
		Release|Any CPU = Release|Any CPU
	EndGlobalSection
	GlobalSection(ProjectConfigurationPlatforms) = postSolution
		{E8822C53-60E2-4658-BD98-5258E6A51797}.Debug|Any CPU.ActiveCfg = Debug|Any CPU
		{E8822C53-60E2-4658-BD98-5258E6A51797}.Debug|Any CPU.Build.0 = Debug|Any CPU
		{E8822C53-60E2-4658-BD98-5258E6A51797}.Release|Any CPU.ActiveCfg = Release|Any CPU
		{E8822C53-60E2-4658-BD98-5258E6A51797}.Release|Any CPU.Build.0 = Release|Any CPU
	EndGlobalSection
	GlobalSection(SolutionProperties) = preSolution
		HideSolutionNode = FALSE
	EndGlobalSection
	GlobalSection(ExtensibilityGlobals) = postSolution
		SolutionGuid = {50CF2359-F7F3-4672-8FE5-6841D47E5132}
	EndGlobalSection
EndGlobal
